// !$*UTF8*$!
{
	archiveVersion = 1;
	classes = {
	};
	objectVersion = 48;
	objects = {

/* Begin PBXBuildFile section */
		1A86738120E7CD3E002737BC /* AppDelegate.swift in Sources */ = {isa = PBXBuildFile; fileRef = 1A86738020E7CD3E002737BC /* AppDelegate.swift */; };
		1A86738320E7CD3E002737BC /* ViewController.swift in Sources */ = {isa = PBXBuildFile; fileRef = 1A86738220E7CD3E002737BC /* ViewController.swift */; };
		1A86738620E7CD3E002737BC /* Main.storyboard in Resources */ = {isa = PBXBuildFile; fileRef = 1A86738420E7CD3E002737BC /* Main.storyboard */; };
		1A86738820E7CD3E002737BC /* Assets.xcassets in Resources */ = {isa = PBXBuildFile; fileRef = 1A86738720E7CD3E002737BC /* Assets.xcassets */; };
		1A86738B20E7CD3E002737BC /* LaunchScreen.storyboard in Resources */ = {isa = PBXBuildFile; fileRef = 1A86738920E7CD3E002737BC /* LaunchScreen.storyboard */; };
		949D8BFAF4C5E07EDB2466FE /* Pods_KIPOIAPTest_Swift.framework in Frameworks */ = {isa = PBXBuildFile; fileRef = F53DA8A586ABF48842CB72A7 /* Pods_KIPOIAPTest_Swift.framework */; };
/* End PBXBuildFile section */

/* Begin PBXFileReference section */
		1A86737D20E7CD3E002737BC /* KIPOIAPTest_Swift.app */ = {isa = PBXFileReference; explicitFileType = wrapper.application; includeInIndex = 0; path = KIPOIAPTest_Swift.app; sourceTree = BUILT_PRODUCTS_DIR; };
		1A86738020E7CD3E002737BC /* AppDelegate.swift */ = {isa = PBXFileReference; lastKnownFileType = sourcecode.swift; path = AppDelegate.swift; sourceTree = "<group>"; };
		1A86738220E7CD3E002737BC /* ViewController.swift */ = {isa = PBXFileReference; lastKnownFileType = sourcecode.swift; path = ViewController.swift; sourceTree = "<group>"; };
		1A86738520E7CD3E002737BC /* Base */ = {isa = PBXFileReference; lastKnownFileType = file.storyboard; name = Base; path = Base.lproj/Main.storyboard; sourceTree = "<group>"; };
		1A86738720E7CD3E002737BC /* Assets.xcassets */ = {isa = PBXFileReference; lastKnownFileType = folder.assetcatalog; path = Assets.xcassets; sourceTree = "<group>"; };
		1A86738A20E7CD3E002737BC /* Base */ = {isa = PBXFileReference; lastKnownFileType = file.storyboard; name = Base; path = Base.lproj/LaunchScreen.storyboard; sourceTree = "<group>"; };
		1A86738C20E7CD3E002737BC /* Info.plist */ = {isa = PBXFileReference; lastKnownFileType = text.plist.xml; path = Info.plist; sourceTree = "<group>"; };
		5BCCC4987F4EBDAC7935EDD3 /* Pods-KIPOIAPTest_Swift.debug.xcconfig */ = {isa = PBXFileReference; includeInIndex = 1; lastKnownFileType = text.xcconfig; name = "Pods-KIPOIAPTest_Swift.debug.xcconfig"; path = "Pods/Target Support Files/Pods-KIPOIAPTest_Swift/Pods-KIPOIAPTest_Swift.debug.xcconfig"; sourceTree = "<group>"; };
		6138C475C55C9326CE8C3147 /* Pods-KIPOIAPTest_Swift.release.xcconfig */ = {isa = PBXFileReference; includeInIndex = 1; lastKnownFileType = text.xcconfig; name = "Pods-KIPOIAPTest_Swift.release.xcconfig"; path = "Pods/Target Support Files/Pods-KIPOIAPTest_Swift/Pods-KIPOIAPTest_Swift.release.xcconfig"; sourceTree = "<group>"; };
		F53DA8A586ABF48842CB72A7 /* Pods_KIPOIAPTest_Swift.framework */ = {isa = PBXFileReference; explicitFileType = wrapper.framework; includeInIndex = 0; path = Pods_KIPOIAPTest_Swift.framework; sourceTree = BUILT_PRODUCTS_DIR; };
/* End PBXFileReference section */

/* Begin PBXFrameworksBuildPhase section */
		1A86737A20E7CD3E002737BC /* Frameworks */ = {
			isa = PBXFrameworksBuildPhase;
			buildActionMask = 2147483647;
			files = (
				949D8BFAF4C5E07EDB2466FE /* Pods_KIPOIAPTest_Swift.framework in Frameworks */,
			);
			runOnlyForDeploymentPostprocessing = 0;
		};
/* End PBXFrameworksBuildPhase section */

/* Begin PBXGroup section */
		1A86737420E7CD3E002737BC = {
			isa = PBXGroup;
			children = (
				1A86737F20E7CD3E002737BC /* KIPOIAPTest_Swift */,
				1A86737E20E7CD3E002737BC /* Products */,
				B91FF43925C8440642E9060F /* Pods */,
				714201CEAA8F7186C182FB24 /* Frameworks */,
			);
			sourceTree = "<group>";
		};
		1A86737E20E7CD3E002737BC /* Products */ = {
			isa = PBXGroup;
			children = (
				1A86737D20E7CD3E002737BC /* KIPOIAPTest_Swift.app */,
			);
			name = Products;
			sourceTree = "<group>";
		};
		1A86737F20E7CD3E002737BC /* KIPOIAPTest_Swift */ = {
			isa = PBXGroup;
			children = (
				1A86738020E7CD3E002737BC /* AppDelegate.swift */,
				1A86738220E7CD3E002737BC /* ViewController.swift */,
				1A86738420E7CD3E002737BC /* Main.storyboard */,
				1A86738720E7CD3E002737BC /* Assets.xcassets */,
				1A86738920E7CD3E002737BC /* LaunchScreen.storyboard */,
				1A86738C20E7CD3E002737BC /* Info.plist */,
			);
			path = KIPOIAPTest_Swift;
			sourceTree = "<group>";
		};
		714201CEAA8F7186C182FB24 /* Frameworks */ = {
			isa = PBXGroup;
			children = (
				F53DA8A586ABF48842CB72A7 /* Pods_KIPOIAPTest_Swift.framework */,
			);
			name = Frameworks;
			sourceTree = "<group>";
		};
		B91FF43925C8440642E9060F /* Pods */ = {
			isa = PBXGroup;
			children = (
				5BCCC4987F4EBDAC7935EDD3 /* Pods-KIPOIAPTest_Swift.debug.xcconfig */,
				6138C475C55C9326CE8C3147 /* Pods-KIPOIAPTest_Swift.release.xcconfig */,
			);
			name = Pods;
			sourceTree = "<group>";
		};
/* End PBXGroup section */

/* Begin PBXNativeTarget section */
		1A86737C20E7CD3E002737BC /* KIPOIAPTest_Swift */ = {
			isa = PBXNativeTarget;
			buildConfigurationList = 1A86738F20E7CD3E002737BC /* Build configuration list for PBXNativeTarget "KIPOIAPTest_Swift" */;
			buildPhases = (
				AACE610C1E75D9FEFCD71159 /* [CP] Check Pods Manifest.lock */,
				1A86737920E7CD3E002737BC /* Sources */,
				1A86737A20E7CD3E002737BC /* Frameworks */,
				1A86737B20E7CD3E002737BC /* Resources */,
				515C1D3DCEA0BF59E8B02663 /* [CP] Embed Pods Frameworks */,
				478FF1182B9FD7305AF13695 /* [CP] Copy Pods Resources */,
			);
			buildRules = (
			);
			dependencies = (
			);
			name = KIPOIAPTest_Swift;
			productName = KIPOIAPTest_Swift;
			productReference = 1A86737D20E7CD3E002737BC /* KIPOIAPTest_Swift.app */;
			productType = "com.apple.product-type.application";
		};
/* End PBXNativeTarget section */

/* Begin PBXProject section */
		1A86737520E7CD3E002737BC /* Project object */ = {
			isa = PBXProject;
			attributes = {
				LastSwiftUpdateCheck = 0920;
				LastUpgradeCheck = 0920;
				ORGANIZATIONNAME = "Omid Golparvar";
				TargetAttributes = {
					1A86737C20E7CD3E002737BC = {
						CreatedOnToolsVersion = 9.2;
						ProvisioningStyle = Automatic;
					};
				};
			};
			buildConfigurationList = 1A86737820E7CD3E002737BC /* Build configuration list for PBXProject "KIPOIAPTest_Swift" */;
			compatibilityVersion = "Xcode 8.0";
			developmentRegion = en;
			hasScannedForEncodings = 0;
			knownRegions = (
				en,
				Base,
			);
			mainGroup = 1A86737420E7CD3E002737BC;
			productRefGroup = 1A86737E20E7CD3E002737BC /* Products */;
			projectDirPath = "";
			projectRoot = "";
			targets = (
				1A86737C20E7CD3E002737BC /* KIPOIAPTest_Swift */,
			);
		};
/* End PBXProject section */

/* Begin PBXResourcesBuildPhase section */
		1A86737B20E7CD3E002737BC /* Resources */ = {
			isa = PBXResourcesBuildPhase;
			buildActionMask = 2147483647;
			files = (
				1A86738B20E7CD3E002737BC /* LaunchScreen.storyboard in Resources */,
				1A86738820E7CD3E002737BC /* Assets.xcassets in Resources */,
				1A86738620E7CD3E002737BC /* Main.storyboard in Resources */,
			);
			runOnlyForDeploymentPostprocessing = 0;
		};
/* End PBXResourcesBuildPhase section */

/* Begin PBXShellScriptBuildPhase section */
		478FF1182B9FD7305AF13695 /* [CP] Copy Pods Resources */ = {
			isa = PBXShellScriptBuildPhase;
			buildActionMask = 2147483647;
			files = (
			);
			inputPaths = (
			);
			name = "[CP] Copy Pods Resources";
			outputPaths = (
			);
			runOnlyForDeploymentPostprocessing = 0;
			shellPath = /bin/sh;
			shellScript = "\"${SRCROOT}/Pods/Target Support Files/Pods-KIPOIAPTest_Swift/Pods-KIPOIAPTest_Swift-resources.sh\"\n";
			showEnvVarsInLog = 0;
		};
		515C1D3DCEA0BF59E8B02663 /* [CP] Embed Pods Frameworks */ = {
			isa = PBXShellScriptBuildPhase;
			buildActionMask = 2147483647;
			files = (
			);
			inputPaths = (
				"${SRCROOT}/Pods/Target Support Files/Pods-KIPOIAPTest_Swift/Pods-KIPOIAPTest_Swift-frameworks.sh",
				"${BUILT_PRODUCTS_DIR}/KIPOIAPKit/KIPOIAPKit.framework",
			);
			name = "[CP] Embed Pods Frameworks";
			outputPaths = (
				"${TARGET_BUILD_DIR}/${FRAMEWORKS_FOLDER_PATH}/KIPOIAPKit.framework",
			);
			runOnlyForDeploymentPostprocessing = 0;
			shellPath = /bin/sh;
			shellScript = "\"${SRCROOT}/Pods/Target Support Files/Pods-KIPOIAPTest_Swift/Pods-KIPOIAPTest_Swift-frameworks.sh\"\n";
			showEnvVarsInLog = 0;
		};
		AACE610C1E75D9FEFCD71159 /* [CP] Check Pods Manifest.lock */ = {
			isa = PBXShellScriptBuildPhase;
			buildActionMask = 2147483647;
			files = (
			);
			inputPaths = (
				"${PODS_PODFILE_DIR_PATH}/Podfile.lock",
				"${PODS_ROOT}/Manifest.lock",
			);
			name = "[CP] Check Pods Manifest.lock";
			outputPaths = (
				"$(DERIVED_FILE_DIR)/Pods-KIPOIAPTest_Swift-checkManifestLockResult.txt",
			);
			runOnlyForDeploymentPostprocessing = 0;
			shellPath = /bin/sh;
			shellScript = "diff \"${PODS_PODFILE_DIR_PATH}/Podfile.lock\" \"${PODS_ROOT}/Manifest.lock\" > /dev/null\nif [ $? != 0 ] ; then\n    # print error to STDERR\n    echo \"error: The sandbox is not in sync with the Podfile.lock. Run 'pod install' or update your CocoaPods installation.\" >&2\n    exit 1\nfi\n# This output is used by Xcode 'outputs' to avoid re-running this script phase.\necho \"SUCCESS\" > \"${SCRIPT_OUTPUT_FILE_0}\"\n";
			showEnvVarsInLog = 0;
		};
/* End PBXShellScriptBuildPhase section */

/* Begin PBXSourcesBuildPhase section */
		1A86737920E7CD3E002737BC /* Sources */ = {
			isa = PBXSourcesBuildPhase;
			buildActionMask = 2147483647;
			files = (
				1A86738320E7CD3E002737BC /* ViewController.swift in Sources */,
				1A86738120E7CD3E002737BC /* AppDelegate.swift in Sources */,
			);
			runOnlyForDeploymentPostprocessing = 0;
		};
/* End PBXSourcesBuildPhase section */

/* Begin PBXVariantGroup section */
		1A86738420E7CD3E002737BC /* Main.storyboard */ = {
			isa = PBXVariantGroup;
			children = (
				1A86738520E7CD3E002737BC /* Base */,
			);
			name = Main.storyboard;
			sourceTree = "<group>";
		};
		1A86738920E7CD3E002737BC /* LaunchScreen.storyboard */ = {
			isa = PBXVariantGroup;
			children = (
				1A86738A20E7CD3E002737BC /* Base */,
			);
			name = LaunchScreen.storyboard;
			sourceTree = "<group>";
		};
/* End PBXVariantGroup section */

/* Begin XCBuildConfiguration section */
		1A86738D20E7CD3E002737BC /* Debug */ = {
			isa = XCBuildConfiguration;
			buildSettings = {
				ALWAYS_SEARCH_USER_PATHS = NO;
				CLANG_ANALYZER_NONNULL = YES;
				CLANG_ANALYZER_NUMBER_OBJECT_CONVERSION = YES_AGGRESSIVE;
				CLANG_CXX_LANGUAGE_STANDARD = "gnu++14";
				CLANG_CXX_LIBRARY = "libc++";
				CLANG_ENABLE_MODULES = YES;
				CLANG_ENABLE_OBJC_ARC = YES;
				CLANG_WARN_BLOCK_CAPTURE_AUTORELEASING = YES;
				CLANG_WARN_BOOL_CONVERSION = YES;
				CLANG_WARN_COMMA = YES;
				CLANG_WARN_CONSTANT_CONVERSION = YES;
				CLANG_WARN_DIRECT_OBJC_ISA_USAGE = YES_ERROR;
				CLANG_WARN_DOCUMENTATION_COMMENTS = YES;
				CLANG_WARN_EMPTY_BODY = YES;
				CLANG_WARN_ENUM_CONVERSION = YES;
				CLANG_WARN_INFINITE_RECURSION = YES;
				CLANG_WARN_INT_CONVERSION = YES;
				CLANG_WARN_NON_LITERAL_NULL_CONVERSION = YES;
				CLANG_WARN_OBJC_LITERAL_CONVERSION = YES;
				CLANG_WARN_OBJC_ROOT_CLASS = YES_ERROR;
				CLANG_WARN_RANGE_LOOP_ANALYSIS = YES;
				CLANG_WARN_STRICT_PROTOTYPES = YES;
				CLANG_WARN_SUSPICIOUS_MOVE = YES;
				CLANG_WARN_UNGUARDED_AVAILABILITY = YES_AGGRESSIVE;
				CLANG_WARN_UNREACHABLE_CODE = YES;
				CLANG_WARN__DUPLICATE_METHOD_MATCH = YES;
				CODE_SIGN_IDENTITY = "iPhone Developer";
				COPY_PHASE_STRIP = NO;
				DEBUG_INFORMATION_FORMAT = dwarf;
				ENABLE_STRICT_OBJC_MSGSEND = YES;
				ENABLE_TESTABILITY = YES;
				GCC_C_LANGUAGE_STANDARD = gnu11;
				GCC_DYNAMIC_NO_PIC = NO;
				GCC_NO_COMMON_BLOCKS = YES;
				GCC_OPTIMIZATION_LEVEL = 0;
				GCC_PREPROCESSOR_DEFINITIONS = (
					"DEBUG=1",
					"$(inherited)",
				);
				GCC_WARN_64_TO_32_BIT_CONVERSION = YES;
				GCC_WARN_ABOUT_RETURN_TYPE = YES_ERROR;
				GCC_WARN_UNDECLARED_SELECTOR = YES;
				GCC_WARN_UNINITIALIZED_AUTOS = YES_AGGRESSIVE;
				GCC_WARN_UNUSED_FUNCTION = YES;
				GCC_WARN_UNUSED_VARIABLE = YES;
				IPHONEOS_DEPLOYMENT_TARGET = 11.2;
				MTL_ENABLE_DEBUG_INFO = YES;
				ONLY_ACTIVE_ARCH = YES;
				SDKROOT = iphoneos;
				SWIFT_ACTIVE_COMPILATION_CONDITIONS = DEBUG;
				SWIFT_OPTIMIZATION_LEVEL = "-Onone";
			};
			name = Debug;
		};
		1A86738E20E7CD3E002737BC /* Release */ = {
			isa = XCBuildConfiguration;
			buildSettings = {
				ALWAYS_SEARCH_USER_PATHS = NO;
				CLANG_ANALYZER_NONNULL = YES;
				CLANG_ANALYZER_NUMBER_OBJECT_CONVERSION = YES_AGGRESSIVE;
				CLANG_CXX_LANGUAGE_STANDARD = "gnu++14";
				CLANG_CXX_LIBRARY = "libc++";
				CLANG_ENABLE_MODULES = YES;
				CLANG_ENABLE_OBJC_ARC = YES;
				CLANG_WARN_BLOCK_CAPTURE_AUTORELEASING = YES;
				CLANG_WARN_BOOL_CONVERSION = YES;
				CLANG_WARN_COMMA = YES;
				CLANG_WARN_CONSTANT_CONVERSION = YES;
				CLANG_WARN_DIRECT_OBJC_ISA_USAGE = YES_ERROR;
				CLANG_WARN_DOCUMENTATION_COMMENTS = YES;
				CLANG_WARN_EMPTY_BODY = YES;
				CLANG_WARN_ENUM_CONVERSION = YES;
				CLANG_WARN_INFINITE_RECURSION = YES;
				CLANG_WARN_INT_CONVERSION = YES;
				CLANG_WARN_NON_LITERAL_NULL_CONVERSION = YES;
				CLANG_WARN_OBJC_LITERAL_CONVERSION = YES;
				CLANG_WARN_OBJC_ROOT_CLASS = YES_ERROR;
				CLANG_WARN_RANGE_LOOP_ANALYSIS = YES;
				CLANG_WARN_STRICT_PROTOTYPES = YES;
				CLANG_WARN_SUSPICIOUS_MOVE = YES;
				CLANG_WARN_UNGUARDED_AVAILABILITY = YES_AGGRESSIVE;
				CLANG_WARN_UNREACHABLE_CODE = YES;
				CLANG_WARN__DUPLICATE_METHOD_MATCH = YES;
				CODE_SIGN_IDENTITY = "iPhone Developer";
				COPY_PHASE_STRIP = NO;
				DEBUG_INFORMATION_FORMAT = "dwarf-with-dsym";
				ENABLE_NS_ASSERTIONS = NO;
				ENABLE_STRICT_OBJC_MSGSEND = YES;
				GCC_C_LANGUAGE_STANDARD = gnu11;
				GCC_NO_COMMON_BLOCKS = YES;
				GCC_WARN_64_TO_32_BIT_CONVERSION = YES;
				GCC_WARN_ABOUT_RETURN_TYPE = YES_ERROR;
				GCC_WARN_UNDECLARED_SELECTOR = YES;
				GCC_WARN_UNINITIALIZED_AUTOS = YES_AGGRESSIVE;
				GCC_WARN_UNUSED_FUNCTION = YES;
				GCC_WARN_UNUSED_VARIABLE = YES;
				IPHONEOS_DEPLOYMENT_TARGET = 11.2;
				MTL_ENABLE_DEBUG_INFO = NO;
				SDKROOT = iphoneos;
				SWIFT_OPTIMIZATION_LEVEL = "-Owholemodule";
				VALIDATE_PRODUCT = YES;
			};
			name = Release;
		};
		1A86739020E7CD3E002737BC /* Debug */ = {
			isa = XCBuildConfiguration;
			baseConfigurationReference = 5BCCC4987F4EBDAC7935EDD3 /* Pods-KIPOIAPTest_Swift.debug.xcconfig */;
			buildSettings = {
				ASSETCATALOG_COMPILER_APPICON_NAME = AppIcon;
				CODE_SIGN_STYLE = Automatic;
				DEVELOPMENT_TEAM = A5T376J6M4;
				INFOPLIST_FILE = KIPOIAPTest_Swift/Info.plist;
				IPHONEOS_DEPLOYMENT_TARGET = 10.0;
				LD_RUNPATH_SEARCH_PATHS = "$(inherited) @executable_path/Frameworks";
				PRODUCT_BUNDLE_IDENTIFIER = "io.idco.ios.test.KIPOIAPTest-Swift";
				PRODUCT_NAME = "$(TARGET_NAME)";
				SWIFT_VERSION = 4.0;
				TARGETED_DEVICE_FAMILY = "1,2";
			};
			name = Debug;
		};
		1A86739120E7CD3E002737BC /* Release */ = {
			isa = XCBuildConfiguration;
			baseConfigurationReference = 6138C475C55C9326CE8C3147 /* Pods-KIPOIAPTest_Swift.release.xcconfig */;
			buildSettings = {
				ASSETCATALOG_COMPILER_APPICON_NAME = AppIcon;
				CODE_SIGN_STYLE = Automatic;
				DEVELOPMENT_TEAM = A5T376J6M4;
				INFOPLIST_FILE = KIPOIAPTest_Swift/Info.plist;
				IPHONEOS_DEPLOYMENT_TARGET = 10.0;
				LD_RUNPATH_SEARCH_PATHS = "$(inherited) @executable_path/Frameworks";
				PRODUCT_BUNDLE_IDENTIFIER = "io.idco.ios.test.KIPOIAPTest-Swift";
				PRODUCT_NAME = "$(TARGET_NAME)";
				SWIFT_VERSION = 4.0;
				TARGETED_DEVICE_FAMILY = "1,2";
			};
			name = Release;
		};
/* End XCBuildConfiguration section */

/* Begin XCConfigurationList section */
		1A86737820E7CD3E002737BC /* Build configuration list for PBXProject "KIPOIAPTest_Swift" */ = {
			isa = XCConfigurationList;
			buildConfigurations = (
				1A86738D20E7CD3E002737BC /* Debug */,
				1A86738E20E7CD3E002737BC /* Release */,
			);
			defaultConfigurationIsVisible = 0;
			defaultConfigurationName = Release;
		};
		1A86738F20E7CD3E002737BC /* Build configuration list for PBXNativeTarget "KIPOIAPTest_Swift" */ = {
			isa = XCConfigurationList;
			buildConfigurations = (
				1A86739020E7CD3E002737BC /* Debug */,
				1A86739120E7CD3E002737BC /* Release */,
			);
			defaultConfigurationIsVisible = 0;
			defaultConfigurationName = Release;
		};
/* End XCConfigurationList section */
	};
	rootObject = 1A86737520E7CD3E002737BC /* Project object */;
}
